
Microsoft Visual Studio Solution File, Format Version 12.00
# Visual Studio 15
VisualStudioVersion = 15.0.28010.2003
MinimumVisualStudioVersion = 10.0.40219.1
Project("{FAE04EC0-301F-11D3-BF4B-00C04F79EFBC}") = "Demon", "Demon\Demon.csproj", "{877095AF-E59C-4A8D-8F8A-423394033887}"
EndProject
Project("{FAE04EC0-301F-11D3-BF4B-00C04F79EFBC}") = "CIMonitor", "CIMonitor\CIMonitor.csproj", "{EA398AC0-B269-4EAD-9411-DD5192AA4B84}"
EndProject
Project("{FAE04EC0-301F-11D3-BF4B-00C04F79EFBC}") = "MonitorCore", "MonitorCore\MonitorCore.csproj", "{0DB2994B-22BE-4AB2-93BC-125B380D883C}"
EndProject
Project("{FAE04EC0-301F-11D3-BF4B-00C04F79EFBC}") = "MonitorWin", "MonitorWin\MonitorWin.csproj", "{A4D0F878-F427-460C-920C-8B1593046315}"
EndProject
Project("{54435603-DBB4-11D2-8724-00A0C9A8B90C}") = "CIMonitorInstaller", "CIMonitorInstaller\CIMonitorInstaller.vdproj", "{4262059B-197B-4641-843C-504F750BF39E}"
EndProject
Global
	GlobalSection(SolutionConfigurationPlatforms) = preSolution
		Debug|Any CPU = Debug|Any CPU
		Release|Any CPU = Release|Any CPU
	EndGlobalSection
	GlobalSection(ProjectConfigurationPlatforms) = postSolution
		{877095AF-E59C-4A8D-8F8A-423394033887}.Debug|Any CPU.ActiveCfg = Debug|Any CPU
		{877095AF-E59C-4A8D-8F8A-423394033887}.Debug|Any CPU.Build.0 = Debug|Any CPU
		{877095AF-E59C-4A8D-8F8A-423394033887}.Release|Any CPU.ActiveCfg = Release|Any CPU
		{877095AF-E59C-4A8D-8F8A-423394033887}.Release|Any CPU.Build.0 = Release|Any CPU
		{EA398AC0-B269-4EAD-9411-DD5192AA4B84}.Debug|Any CPU.ActiveCfg = Debug|Any CPU
		{EA398AC0-B269-4EAD-9411-DD5192AA4B84}.Debug|Any CPU.Build.0 = Debug|Any CPU
		{EA398AC0-B269-4EAD-9411-DD5192AA4B84}.Release|Any CPU.ActiveCfg = Release|Any CPU
		{EA398AC0-B269-4EAD-9411-DD5192AA4B84}.Release|Any CPU.Build.0 = Release|Any CPU
		{0DB2994B-22BE-4AB2-93BC-125B380D883C}.Debug|Any CPU.ActiveCfg = Debug|Any CPU
		{0DB2994B-22BE-4AB2-93BC-125B380D883C}.Debug|Any CPU.Build.0 = Debug|Any CPU
		{0DB2994B-22BE-4AB2-93BC-125B380D883C}.Release|Any CPU.ActiveCfg = Release|Any CPU
		{0DB2994B-22BE-4AB2-93BC-125B380D883C}.Release|Any CPU.Build.0 = Release|Any CPU
		{A4D0F878-F427-460C-920C-8B1593046315}.Debug|Any CPU.ActiveCfg = Debug|Any CPU
		{A4D0F878-F427-460C-920C-8B1593046315}.Debug|Any CPU.Build.0 = Debug|Any CPU
		{A4D0F878-F427-460C-920C-8B1593046315}.Release|Any CPU.ActiveCfg = Release|Any CPU
		{A4D0F878-F427-460C-920C-8B1593046315}.Release|Any CPU.Build.0 = Release|Any CPU
		{4262059B-197B-4641-843C-504F750BF39E}.Debug|Any CPU.ActiveCfg = Debug
		{4262059B-197B-4641-843C-504F750BF39E}.Release|Any CPU.ActiveCfg = Release
	EndGlobalSection
	GlobalSection(SolutionProperties) = preSolution
		HideSolutionNode = FALSE
	EndGlobalSection
	GlobalSection(ExtensibilityGlobals) = postSolution
		SolutionGuid = {F6204054-395C-484E-AB14-DAE41DDD6993}
	EndGlobalSection
EndGlobal
